
Microsoft Visual Studio Solution File, Format Version 12.00
Project("{FAE04EC0-301F-11D3-BF4B-00C04F79EFBC}") = "CustomNickname", "CustomNickname\CustomNickname.csproj", "{EC3A0679-94CC-4FD2-9399-4E0D2CBD5AC4}"
EndProject
Global
	GlobalSection(SolutionConfigurationPlatforms) = preSolution
		Debug|Any CPU = Debug|Any CPU
		Release|Any CPU = Release|Any CPU
	EndGlobalSection
	GlobalSection(ProjectConfigurationPlatforms) = postSolution
		{EC3A0679-94CC-4FD2-9399-4E0D2CBD5AC4}.Debug|Any CPU.ActiveCfg = Debug|Any CPU
		{EC3A0679-94CC-4FD2-9399-4E0D2CBD5AC4}.Debug|Any CPU.Build.0 = Debug|Any CPU
		{EC3A0679-94CC-4FD2-9399-4E0D2CBD5AC4}.Release|Any CPU.ActiveCfg = Release|Any CPU
		{EC3A0679-94CC-4FD2-9399-4E0D2CBD5AC4}.Release|Any CPU.Build.0 = Release|Any CPU
	EndGlobalSection
EndGlobal
